
Microsoft Visual Studio Solution File, Format Version 12.00
# Visual Studio Version 17
VisualStudioVersion = 17.6.33829.357
MinimumVisualStudioVersion = 10.0.40219.1
Project("{E24C65DC-7377-472B-9ABA-BC803B73C61A}") = "MyReportsImpersonated", "MyReportsImpersonated\", "{1D709066-E008-4B67-8064-9DF5693B388A}"
	ProjectSection(WebsiteProperties) = preProject
		SccProjectName = ""
		SccAuxPath = ""
		SccLocalPath = ""
		SccProvider = ""
		TargetFrameworkMoniker = ".NETFramework,Version%3Dv4.8"
		Debug.AspNetCompiler.VirtualPath = "/localhost_58027"
		Debug.AspNetCompiler.PhysicalPath = "MyReportsImpersonated\"
		Debug.AspNetCompiler.TargetPath = "PrecompiledWeb\localhost_58027\"
		Debug.AspNetCompiler.Updateable = "true"
		Debug.AspNetCompiler.ForceOverwrite = "true"
		Debug.AspNetCompiler.FixedNames = "false"
		Debug.AspNetCompiler.Debug = "True"
		Release.AspNetCompiler.VirtualPath = "/localhost_58027"
		Release.AspNetCompiler.PhysicalPath = "MyReportsImpersonated\"
		Release.AspNetCompiler.TargetPath = "PrecompiledWeb\localhost_58027\"
		Release.AspNetCompiler.Updateable = "true"
		Release.AspNetCompiler.ForceOverwrite = "true"
		Release.AspNetCompiler.FixedNames = "false"
		Release.AspNetCompiler.Debug = "False"
		VWDPort = "58027"
		SlnRelativePath = "MyReportsImpersonated\"
	EndProjectSection
EndProject
Global
	GlobalSection(SolutionConfigurationPlatforms) = preSolution
		Debug|Any CPU = Debug|Any CPU
	EndGlobalSection
	GlobalSection(ProjectConfigurationPlatforms) = postSolution
		{1D709066-E008-4B67-8064-9DF5693B388A}.Debug|Any CPU.ActiveCfg = Debug|Any CPU
		{1D709066-E008-4B67-8064-9DF5693B388A}.Debug|Any CPU.Build.0 = Debug|Any CPU
	EndGlobalSection
	GlobalSection(SolutionProperties) = preSolution
		HideSolutionNode = FALSE
	EndGlobalSection
	GlobalSection(ExtensibilityGlobals) = postSolution
		SolutionGuid = {B52F55D7-3EFC-405D-BC37-30538430FB72}
	EndGlobalSection
EndGlobal
